
Microsoft Visual Studio Solution File, Format Version 12.00
# Visual Studio Version 16
VisualStudioVersion = 16.0.28803.202
MinimumVisualStudioVersion = 10.0.40219.1
Project("{FAE04EC0-301F-11D3-BF4B-00C04F79EFBC}") = "Clonepad", "Clonepad.UI\Clonepad.csproj", "{37A43094-38BA-4401-82AC-546BAA2D9CF6}"
EndProject
Global
	GlobalSection(SolutionConfigurationPlatforms) = preSolution
		Debug|Any CPU = Debug|Any CPU
		Release|Any CPU = Release|Any CPU
	EndGlobalSection
	GlobalSection(ProjectConfigurationPlatforms) = postSolution
		{37A43094-38BA-4401-82AC-546BAA2D9CF6}.Debug|Any CPU.ActiveCfg = Debug|Any CPU
		{37A43094-38BA-4401-82AC-546BAA2D9CF6}.Debug|Any CPU.Build.0 = Debug|Any CPU
		{37A43094-38BA-4401-82AC-546BAA2D9CF6}.Release|Any CPU.ActiveCfg = Release|Any CPU
		{37A43094-38BA-4401-82AC-546BAA2D9CF6}.Release|Any CPU.Build.0 = Release|Any CPU
	EndGlobalSection
	GlobalSection(SolutionProperties) = preSolution
		HideSolutionNode = FALSE
	EndGlobalSection
	GlobalSection(ExtensibilityGlobals) = postSolution
		SolutionGuid = {D7CAD950-3EDA-407A-B0C2-1E5C938C3F39}
	EndGlobalSection
EndGlobal
